
Microsoft Visual Studio Solution File, Format Version 12.00
# Visual Studio Version 16
VisualStudioVersion = 16.0.29519.181
MinimumVisualStudioVersion = 10.0.40219.1
Project("{9A19103F-16F7-4668-BE54-9A1E7A4F7556}") = "Sky", "Sky.csproj", "{0179A3DE-1A52-4A5E-AE2D-3BB93A96C3D5}"
EndProject
Global
	GlobalSection(SolutionConfigurationPlatforms) = preSolution
		Debug|Any CPU = Debug|Any CPU
		Release|Any CPU = Release|Any CPU
	EndGlobalSection
	GlobalSection(ProjectConfigurationPlatforms) = postSolution
		{0179A3DE-1A52-4A5E-AE2D-3BB93A96C3D5}.Debug|Any CPU.ActiveCfg = Debug|Any CPU
		{0179A3DE-1A52-4A5E-AE2D-3BB93A96C3D5}.Debug|Any CPU.Build.0 = Debug|Any CPU
		{0179A3DE-1A52-4A5E-AE2D-3BB93A96C3D5}.Release|Any CPU.ActiveCfg = Release|Any CPU
		{0179A3DE-1A52-4A5E-AE2D-3BB93A96C3D5}.Release|Any CPU.Build.0 = Release|Any CPU
	EndGlobalSection
	GlobalSection(SolutionProperties) = preSolution
		HideSolutionNode = FALSE
	EndGlobalSection
	GlobalSection(ExtensibilityGlobals) = postSolution
		SolutionGuid = {D2C724A6-F053-4D65-9F16-224B09E49E2E}
	EndGlobalSection
EndGlobal
